
Microsoft Visual Studio Solution File, Format Version 12.00
# Visual Studio Version 17
VisualStudioVersion = 17.1.32414.318
MinimumVisualStudioVersion = 10.0.40219.1
Project("{FAE04EC0-301F-11D3-BF4B-00C04F79EFBC}") = "SecretOfManaSaveEditor", "SecretOfManaSaveEditor\SecretOfManaSaveEditor.csproj", "{39163D1B-7353-4228-9005-E1E31F2FF52F}"
EndProject
Project("{FAE04EC0-301F-11D3-BF4B-00C04F79EFBC}") = "SavLibrary", "SavLibrary\SavLibrary.csproj", "{D5808D0B-AB59-4B28-B4F1-CB3F17CC96FA}"
EndProject
Global
	GlobalSection(SolutionConfigurationPlatforms) = preSolution
		Debug|Any CPU = Debug|Any CPU
		Release|Any CPU = Release|Any CPU
	EndGlobalSection
	GlobalSection(ProjectConfigurationPlatforms) = postSolution
		{39163D1B-7353-4228-9005-E1E31F2FF52F}.Debug|Any CPU.ActiveCfg = Debug|Any CPU
		{39163D1B-7353-4228-9005-E1E31F2FF52F}.Debug|Any CPU.Build.0 = Debug|Any CPU
		{39163D1B-7353-4228-9005-E1E31F2FF52F}.Release|Any CPU.ActiveCfg = Release|Any CPU
		{39163D1B-7353-4228-9005-E1E31F2FF52F}.Release|Any CPU.Build.0 = Release|Any CPU
		{D5808D0B-AB59-4B28-B4F1-CB3F17CC96FA}.Debug|Any CPU.ActiveCfg = Debug|Any CPU
		{D5808D0B-AB59-4B28-B4F1-CB3F17CC96FA}.Debug|Any CPU.Build.0 = Debug|Any CPU
		{D5808D0B-AB59-4B28-B4F1-CB3F17CC96FA}.Release|Any CPU.ActiveCfg = Release|Any CPU
		{D5808D0B-AB59-4B28-B4F1-CB3F17CC96FA}.Release|Any CPU.Build.0 = Release|Any CPU
	EndGlobalSection
	GlobalSection(SolutionProperties) = preSolution
		HideSolutionNode = FALSE
	EndGlobalSection
	GlobalSection(ExtensibilityGlobals) = postSolution
		SolutionGuid = {E763D0A0-915F-4B31-8166-B63531C1DDC3}
	EndGlobalSection
EndGlobal
